
Microsoft Visual Studio Solution File, Format Version 12.00
# Visual Studio Version 17
VisualStudioVersion = 17.13.35913.81 d17.13
MinimumVisualStudioVersion = 10.0.40219.1
Project("{FAE04EC0-301F-11D3-BF4B-00C04F79EFBC}") = "CsokiApp", "CsokiApp\CsokiApp.csproj", "{6A154483-5B32-4411-A2DD-76934218EAD0}"
EndProject
Global
	GlobalSection(SolutionConfigurationPlatforms) = preSolution
		Debug|Any CPU = Debug|Any CPU
		Release|Any CPU = Release|Any CPU
	EndGlobalSection
	GlobalSection(ProjectConfigurationPlatforms) = postSolution
		{6A154483-5B32-4411-A2DD-76934218EAD0}.Debug|Any CPU.ActiveCfg = Debug|Any CPU
		{6A154483-5B32-4411-A2DD-76934218EAD0}.Debug|Any CPU.Build.0 = Debug|Any CPU
		{6A154483-5B32-4411-A2DD-76934218EAD0}.Release|Any CPU.ActiveCfg = Release|Any CPU
		{6A154483-5B32-4411-A2DD-76934218EAD0}.Release|Any CPU.Build.0 = Release|Any CPU
	EndGlobalSection
	GlobalSection(SolutionProperties) = preSolution
		HideSolutionNode = FALSE
	EndGlobalSection
	GlobalSection(ExtensibilityGlobals) = postSolution
		SolutionGuid = {5C2AD5CC-F271-43B1-BC0D-59CAB324C480}
	EndGlobalSection
EndGlobal
